// !$*UTF8*$!
{
	archiveVersion = 1;
	classes = {
	};
	objectVersion = 56;
	objects = {

/* Begin PBXBuildFile section */
		651A296C2B84A75A004897DE /* buttonView.swift in Sources */ = {isa = PBXBuildFile; fileRef = 651A296B2B84A75A004897DE /* buttonView.swift */; };
		6563C51E2B84C0680001C761 /* ciao.swift in Sources */ = {isa = PBXBuildFile; fileRef = 6563C51D2B84C0680001C761 /* ciao.swift */; };
		ED082CA92B839BF900D2FFB6 /* Assest.xcassets in Resources */ = {isa = PBXBuildFile; fileRef = ED082CA82B839BF900D2FFB6 /* Assest.xcassets */; };
		EDA05E5C2B8352D40001BE93 /* art.scnassets in Resources */ = {isa = PBXBuildFile; fileRef = EDA05E5B2B8352D40001BE93 /* art.scnassets */; };
		EDBFE34C2B7FFF2700B0585F /* AppDelegate.swift in Sources */ = {isa = PBXBuildFile; fileRef = EDBFE34B2B7FFF2700B0585F /* AppDelegate.swift */; };
		EDBFE3502B7FFF2700B0585F /* ViewController.swift in Sources */ = {isa = PBXBuildFile; fileRef = EDBFE34F2B7FFF2700B0585F /* ViewController.swift */; };
		EDBFE3582B7FFF2800B0585F /* LaunchScreen.storyboard in Resources */ = {isa = PBXBuildFile; fileRef = EDBFE3562B7FFF2800B0585F /* LaunchScreen.storyboard */; };
		EDBFE3602B80033B00B0585F /* Face.mlmodel in Sources */ = {isa = PBXBuildFile; fileRef = EDBFE35F2B80033B00B0585F /* Face.mlmodel */; };
/* End PBXBuildFile section */

/* Begin PBXFileReference section */
		651A296B2B84A75A004897DE /* buttonView.swift */ = {isa = PBXFileReference; lastKnownFileType = sourcecode.swift; path = buttonView.swift; sourceTree = "<group>"; };
		6563C51D2B84C0680001C761 /* ciao.swift */ = {isa = PBXFileReference; lastKnownFileType = sourcecode.swift; path = ciao.swift; sourceTree = "<group>"; };
		ED082CA82B839BF900D2FFB6 /* Assest.xcassets */ = {isa = PBXFileReference; lastKnownFileType = folder.assetcatalog; path = Assest.xcassets; sourceTree = "<group>"; };
		EDA05E5B2B8352D40001BE93 /* art.scnassets */ = {isa = PBXFileReference; lastKnownFileType = wrapper.scnassets; path = art.scnassets; sourceTree = "<group>"; };
		EDBFE3482B7FFF2700B0585F /* skk.app */ = {isa = PBXFileReference; explicitFileType = wrapper.application; includeInIndex = 0; path = skk.app; sourceTree = BUILT_PRODUCTS_DIR; };
		EDBFE34B2B7FFF2700B0585F /* AppDelegate.swift */ = {isa = PBXFileReference; lastKnownFileType = sourcecode.swift; path = AppDelegate.swift; sourceTree = "<group>"; };
		EDBFE34F2B7FFF2700B0585F /* ViewController.swift */ = {isa = PBXFileReference; lastKnownFileType = sourcecode.swift; path = ViewController.swift; sourceTree = "<group>"; };
		EDBFE3572B7FFF2800B0585F /* Base */ = {isa = PBXFileReference; lastKnownFileType = file.storyboard; name = Base; path = Base.lproj/LaunchScreen.storyboard; sourceTree = "<group>"; };
		EDBFE3592B7FFF2800B0585F /* Info.plist */ = {isa = PBXFileReference; lastKnownFileType = text.plist.xml; path = Info.plist; sourceTree = "<group>"; };
		EDBFE35F2B80033B00B0585F /* Face.mlmodel */ = {isa = PBXFileReference; lastKnownFileType = file.mlmodel; path = Face.mlmodel; sourceTree = "<group>"; };
/* End PBXFileReference section */

/* Begin PBXFrameworksBuildPhase section */
		EDBFE3452B7FFF2700B0585F /* Frameworks */ = {
			isa = PBXFrameworksBuildPhase;
			buildActionMask = 2147483647;
			files = (
			);
			runOnlyForDeploymentPostprocessing = 0;
		};
/* End PBXFrameworksBuildPhase section */

/* Begin PBXGroup section */
		EDBFE33F2B7FFF2700B0585F = {
			isa = PBXGroup;
			children = (
				EDBFE34A2B7FFF2700B0585F /* skk */,
				EDBFE3492B7FFF2700B0585F /* Products */,
			);
			sourceTree = "<group>";
		};
		EDBFE3492B7FFF2700B0585F /* Products */ = {
			isa = PBXGroup;
			children = (
				EDBFE3482B7FFF2700B0585F /* skk.app */,
			);
			name = Products;
			sourceTree = "<group>";
		};
		EDBFE34A2B7FFF2700B0585F /* skk */ = {
			isa = PBXGroup;
			children = (
				EDBFE35F2B80033B00B0585F /* Face.mlmodel */,
				EDBFE34B2B7FFF2700B0585F /* AppDelegate.swift */,
				6563C51D2B84C0680001C761 /* ciao.swift */,
				EDBFE34F2B7FFF2700B0585F /* ViewController.swift */,
				651A296B2B84A75A004897DE /* buttonView.swift */,
				ED082CA82B839BF900D2FFB6 /* Assest.xcassets */,
				EDBFE3562B7FFF2800B0585F /* LaunchScreen.storyboard */,
				EDBFE3592B7FFF2800B0585F /* Info.plist */,
				EDA05E5B2B8352D40001BE93 /* art.scnassets */,
			);
			path = skk;
			sourceTree = "<group>";
		};
/* End PBXGroup section */

/* Begin PBXNativeTarget section */
		EDBFE3472B7FFF2700B0585F /* skk */ = {
			isa = PBXNativeTarget;
			buildConfigurationList = EDBFE35C2B7FFF2800B0585F /* Build configuration list for PBXNativeTarget "skk" */;
			buildPhases = (
				EDBFE3442B7FFF2700B0585F /* Sources */,
				EDBFE3452B7FFF2700B0585F /* Frameworks */,
				EDBFE3462B7FFF2700B0585F /* Resources */,
			);
			buildRules = (
			);
			dependencies = (
			);
			name = skk;
			productName = skk;
			productReference = EDBFE3482B7FFF2700B0585F /* skk.app */;
			productType = "com.apple.product-type.application";
		};
/* End PBXNativeTarget section */

/* Begin PBXProject section */
		EDBFE3402B7FFF2700B0585F /* Project object */ = {
			isa = PBXProject;
			attributes = {
				BuildIndependentTargetsInParallel = 1;
				LastSwiftUpdateCheck = 1500;
				LastUpgradeCheck = 1500;
				TargetAttributes = {
					EDBFE3472B7FFF2700B0585F = {
						CreatedOnToolsVersion = 15.0;
					};
				};
			};
			buildConfigurationList = EDBFE3432B7FFF2700B0585F /* Build configuration list for PBXProject "skk" */;
			compatibilityVersion = "Xcode 14.0";
			developmentRegion = en;
			hasScannedForEncodings = 0;
			knownRegions = (
				en,
				Base,
			);
			mainGroup = EDBFE33F2B7FFF2700B0585F;
			productRefGroup = EDBFE3492B7FFF2700B0585F /* Products */;
			projectDirPath = "";
			projectRoot = "";
			targets = (
				EDBFE3472B7FFF2700B0585F /* skk */,
			);
		};
/* End PBXProject section */

/* Begin PBXResourcesBuildPhase section */
		EDBFE3462B7FFF2700B0585F /* Resources */ = {
			isa = PBXResourcesBuildPhase;
			buildActionMask = 2147483647;
			files = (
				ED082CA92B839BF900D2FFB6 /* Assest.xcassets in Resources */,
				EDBFE3582B7FFF2800B0585F /* LaunchScreen.storyboard in Resources */,
				EDA05E5C2B8352D40001BE93 /* art.scnassets in Resources */,
			);
			runOnlyForDeploymentPostprocessing = 0;
		};
/* End PBXResourcesBuildPhase section */

/* Begin PBXSourcesBuildPhase section */
		EDBFE3442B7FFF2700B0585F /* Sources */ = {
			isa = PBXSourcesBuildPhase;
			buildActionMask = 2147483647;
			files = (
				6563C51E2B84C0680001C761 /* ciao.swift in Sources */,
				651A296C2B84A75A004897DE /* buttonView.swift in Sources */,
				EDBFE3502B7FFF2700B0585F /* ViewController.swift in Sources */,
				EDBFE34C2B7FFF2700B0585F /* AppDelegate.swift in Sources */,
				EDBFE3602B80033B00B0585F /* Face.mlmodel in Sources */,
			);
			runOnlyForDeploymentPostprocessing = 0;
		};
/* End PBXSourcesBuildPhase section */

/* Begin PBXVariantGroup section */
		EDBFE3562B7FFF2800B0585F /* LaunchScreen.storyboard */ = {
			isa = PBXVariantGroup;
			children = (
				EDBFE3572B7FFF2800B0585F /* Base */,
			);
			name = LaunchScreen.storyboard;
			sourceTree = "<group>";
		};
/* End PBXVariantGroup section */

/* Begin XCBuildConfiguration section */
		EDBFE35A2B7FFF2800B0585F /* Debug */ = {
			isa = XCBuildConfiguration;
			buildSettings = {
				ALWAYS_SEARCH_USER_PATHS = NO;
				ASSETCATALOG_COMPILER_GENERATE_SWIFT_ASSET_SYMBOL_EXTENSIONS = YES;
				CLANG_ANALYZER_NONNULL = YES;
				CLANG_ANALYZER_NUMBER_OBJECT_CONVERSION = YES_AGGRESSIVE;
				CLANG_CXX_LANGUAGE_STANDARD = "gnu++20";
				CLANG_ENABLE_MODULES = YES;
				CLANG_ENABLE_OBJC_ARC = YES;
				CLANG_ENABLE_OBJC_WEAK = YES;
				CLANG_WARN_BLOCK_CAPTURE_AUTORELEASING = YES;
				CLANG_WARN_BOOL_CONVERSION = YES;
				CLANG_WARN_COMMA = YES;
				CLANG_WARN_CONSTANT_CONVERSION = YES;
				CLANG_WARN_DEPRECATED_OBJC_IMPLEMENTATIONS = YES;
				CLANG_WARN_DIRECT_OBJC_ISA_USAGE = YES_ERROR;
				CLANG_WARN_DOCUMENTATION_COMMENTS = YES;
				CLANG_WARN_EMPTY_BODY = YES;
				CLANG_WARN_ENUM_CONVERSION = YES;
				CLANG_WARN_INFINITE_RECURSION = YES;
				CLANG_WARN_INT_CONVERSION = YES;
				CLANG_WARN_NON_LITERAL_NULL_CONVERSION = YES;
				CLANG_WARN_OBJC_IMPLICIT_RETAIN_SELF = YES;
				CLANG_WARN_OBJC_LITERAL_CONVERSION = YES;
				CLANG_WARN_OBJC_ROOT_CLASS = YES_ERROR;
				CLANG_WARN_QUOTED_INCLUDE_IN_FRAMEWORK_HEADER = YES;
				CLANG_WARN_RANGE_LOOP_ANALYSIS = YES;
				CLANG_WARN_STRICT_PROTOTYPES = YES;
				CLANG_WARN_SUSPICIOUS_MOVE = YES;
				CLANG_WARN_UNGUARDED_AVAILABILITY = YES_AGGRESSIVE;
				CLANG_WARN_UNREACHABLE_CODE = YES;
				CLANG_WARN__DUPLICATE_METHOD_MATCH = YES;
				COPY_PHASE_STRIP = NO;
				DEBUG_INFORMATION_FORMAT = dwarf;
				ENABLE_STRICT_OBJC_MSGSEND = YES;
				ENABLE_TESTABILITY = YES;
				ENABLE_USER_SCRIPT_SANDBOXING = YES;
				GCC_C_LANGUAGE_STANDARD = gnu17;
				GCC_DYNAMIC_NO_PIC = NO;
				GCC_NO_COMMON_BLOCKS = YES;
				GCC_OPTIMIZATION_LEVEL = 0;
				GCC_PREPROCESSOR_DEFINITIONS = (
					"DEBUG=1",
					"$(inherited)",
				);
				GCC_WARN_64_TO_32_BIT_CONVERSION = YES;
				GCC_WARN_ABOUT_RETURN_TYPE = YES_ERROR;
				GCC_WARN_UNDECLARED_SELECTOR = YES;
				GCC_WARN_UNINITIALIZED_AUTOS = YES_AGGRESSIVE;
				GCC_WARN_UNUSED_FUNCTION = YES;
				GCC_WARN_UNUSED_VARIABLE = YES;
				IPHONEOS_DEPLOYMENT_TARGET = 17.0;
				LOCALIZATION_PREFERS_STRING_CATALOGS = YES;
				MTL_ENABLE_DEBUG_INFO = INCLUDE_SOURCE;
				MTL_FAST_MATH = YES;
				ONLY_ACTIVE_ARCH = YES;
				SDKROOT = iphoneos;
				SWIFT_ACTIVE_COMPILATION_CONDITIONS = "DEBUG $(inherited)";
				SWIFT_OPTIMIZATION_LEVEL = "-Onone";
			};
			name = Debug;
		};
		EDBFE35B2B7FFF2800B0585F /* Release */ = {
			isa = XCBuildConfiguration;
			buildSettings = {
				ALWAYS_SEARCH_USER_PATHS = NO;
				ASSETCATALOG_COMPILER_GENERATE_SWIFT_ASSET_SYMBOL_EXTENSIONS = YES;
				CLANG_ANALYZER_NONNULL = YES;
				CLANG_ANALYZER_NUMBER_OBJECT_CONVERSION = YES_AGGRESSIVE;
				CLANG_CXX_LANGUAGE_STANDARD = "gnu++20";
				CLANG_ENABLE_MODULES = YES;
				CLANG_ENABLE_OBJC_ARC = YES;
				CLANG_ENABLE_OBJC_WEAK = YES;
				CLANG_WARN_BLOCK_CAPTURE_AUTORELEASING = YES;
				CLANG_WARN_BOOL_CONVERSION = YES;
				CLANG_WARN_COMMA = YES;
				CLANG_WARN_CONSTANT_CONVERSION = YES;
				CLANG_WARN_DEPRECATED_OBJC_IMPLEMENTATIONS = YES;
				CLANG_WARN_DIRECT_OBJC_ISA_USAGE = YES_ERROR;
				CLANG_WARN_DOCUMENTATION_COMMENTS = YES;
				CLANG_WARN_EMPTY_BODY = YES;
				CLANG_WARN_ENUM_CONVERSION = YES;
				CLANG_WARN_INFINITE_RECURSION = YES;
				CLANG_WARN_INT_CONVERSION = YES;
				CLANG_WARN_NON_LITERAL_NULL_CONVERSION = YES;
				CLANG_WARN_OBJC_IMPLICIT_RETAIN_SELF = YES;
				CLANG_WARN_OBJC_LITERAL_CONVERSION = YES;
				CLANG_WARN_OBJC_ROOT_CLASS = YES_ERROR;
				CLANG_WARN_QUOTED_INCLUDE_IN_FRAMEWORK_HEADER = YES;
				CLANG_WARN_RANGE_LOOP_ANALYSIS = YES;
				CLANG_WARN_STRICT_PROTOTYPES = YES;
				CLANG_WARN_SUSPICIOUS_MOVE = YES;
				CLANG_WARN_UNGUARDED_AVAILABILITY = YES_AGGRESSIVE;
				CLANG_WARN_UNREACHABLE_CODE = YES;
				CLANG_WARN__DUPLICATE_METHOD_MATCH = YES;
				COPY_PHASE_STRIP = NO;
				DEBUG_INFORMATION_FORMAT = "dwarf-with-dsym";
				ENABLE_NS_ASSERTIONS = NO;
				ENABLE_STRICT_OBJC_MSGSEND = YES;
				ENABLE_USER_SCRIPT_SANDBOXING = YES;
				GCC_C_LANGUAGE_STANDARD = gnu17;
				GCC_NO_COMMON_BLOCKS = YES;
				GCC_WARN_64_TO_32_BIT_CONVERSION = YES;
				GCC_WARN_ABOUT_RETURN_TYPE = YES_ERROR;
				GCC_WARN_UNDECLARED_SELECTOR = YES;
				GCC_WARN_UNINITIALIZED_AUTOS = YES_AGGRESSIVE;
				GCC_WARN_UNUSED_FUNCTION = YES;
				GCC_WARN_UNUSED_VARIABLE = YES;
				IPHONEOS_DEPLOYMENT_TARGET = 17.0;
				LOCALIZATION_PREFERS_STRING_CATALOGS = YES;
				MTL_ENABLE_DEBUG_INFO = NO;
				MTL_FAST_MATH = YES;
				SDKROOT = iphoneos;
				SWIFT_COMPILATION_MODE = wholemodule;
				VALIDATE_PRODUCT = YES;
			};
			name = Release;
		};
		EDBFE35D2B7FFF2800B0585F /* Debug */ = {
			isa = XCBuildConfiguration;
			buildSettings = {
				ASSETCATALOG_COMPILER_APPICON_NAME = AppIcon;
				ASSETCATALOG_COMPILER_GLOBAL_ACCENT_COLOR_NAME = AccentColor;
				CODE_SIGN_STYLE = Automatic;
				CURRENT_PROJECT_VERSION = 1;
				DEVELOPMENT_TEAM = Z7AQTK42KX;
				GENERATE_INFOPLIST_FILE = YES;
				INFOPLIST_FILE = skk/Info.plist;
				INFOPLIST_KEY_NSCameraUsageDescription = "I need the camera to recognise you and output the result ";
				INFOPLIST_KEY_UILaunchStoryboardName = LaunchScreen;
				INFOPLIST_KEY_UIRequiredDeviceCapabilities = armv7;
				INFOPLIST_KEY_UISupportedInterfaceOrientations = UIInterfaceOrientationPortrait;
				INFOPLIST_KEY_UISupportedInterfaceOrientations_iPad = "UIInterfaceOrientationPortrait UIInterfaceOrientationPortraitUpsideDown UIInterfaceOrientationLandscapeLeft UIInterfaceOrientationLandscapeRight";
				INFOPLIST_KEY_UISupportedInterfaceOrientations_iPhone = UIInterfaceOrientationPortrait;
				LD_RUNPATH_SEARCH_PATHS = (
					"$(inherited)",
					"@executable_path/Frameworks",
				);
				MARKETING_VERSION = 1.0;
				PRODUCT_BUNDLE_IDENTIFIER = developer.academy.skk;
				PRODUCT_NAME = "$(TARGET_NAME)";
				SWIFT_EMIT_LOC_STRINGS = YES;
				SWIFT_VERSION = 5.0;
				TARGETED_DEVICE_FAMILY = "1,2";
			};
			name = Debug;
		};
		EDBFE35E2B7FFF2800B0585F /* Release */ = {
			isa = XCBuildConfiguration;
			buildSettings = {
				ASSETCATALOG_COMPILER_APPICON_NAME = AppIcon;
				ASSETCATALOG_COMPILER_GLOBAL_ACCENT_COLOR_NAME = AccentColor;
				CODE_SIGN_STYLE = Automatic;
				CURRENT_PROJECT_VERSION = 1;
				DEVELOPMENT_TEAM = Z7AQTK42KX;
				GENERATE_INFOPLIST_FILE = YES;
				INFOPLIST_FILE = skk/Info.plist;
				INFOPLIST_KEY_NSCameraUsageDescription = "I need the camera to recognise you and output the result ";
				INFOPLIST_KEY_UILaunchStoryboardName = LaunchScreen;
				INFOPLIST_KEY_UIRequiredDeviceCapabilities = armv7;
				INFOPLIST_KEY_UISupportedInterfaceOrientations = UIInterfaceOrientationPortrait;
				INFOPLIST_KEY_UISupportedInterfaceOrientations_iPad = "UIInterfaceOrientationPortrait UIInterfaceOrientationPortraitUpsideDown UIInterfaceOrientationLandscapeLeft UIInterfaceOrientationLandscapeRight";
				INFOPLIST_KEY_UISupportedInterfaceOrientations_iPhone = UIInterfaceOrientationPortrait;
				LD_RUNPATH_SEARCH_PATHS = (
					"$(inherited)",
					"@executable_path/Frameworks",
				);
				MARKETING_VERSION = 1.0;
				PRODUCT_BUNDLE_IDENTIFIER = developer.academy.skk;
				PRODUCT_NAME = "$(TARGET_NAME)";
				SWIFT_EMIT_LOC_STRINGS = YES;
				SWIFT_VERSION = 5.0;
				TARGETED_DEVICE_FAMILY = "1,2";
			};
			name = Release;
		};
/* End XCBuildConfiguration section */

/* Begin XCConfigurationList section */
		EDBFE3432B7FFF2700B0585F /* Build configuration list for PBXProject "skk" */ = {
			isa = XCConfigurationList;
			buildConfigurations = (
				EDBFE35A2B7FFF2800B0585F /* Debug */,
				EDBFE35B2B7FFF2800B0585F /* Release */,
			);
			defaultConfigurationIsVisible = 0;
			defaultConfigurationName = Release;
		};
		EDBFE35C2B7FFF2800B0585F /* Build configuration list for PBXNativeTarget "skk" */ = {
			isa = XCConfigurationList;
			buildConfigurations = (
				EDBFE35D2B7FFF2800B0585F /* Debug */,
				EDBFE35E2B7FFF2800B0585F /* Release */,
			);
			defaultConfigurationIsVisible = 0;
			defaultConfigurationName = Release;
		};
/* End XCConfigurationList section */
	};
	rootObject = EDBFE3402B7FFF2700B0585F /* Project object */;
}
